{
    "_readme": [
        "This file locks the dependencies of your project to a known state",
        "Read more about it at https://getcomposer.org/doc/01-basic-usage.md#installing-dependencies",
        "This file is @generated automatically"
    ],
    "content-hash": "5da11c10f13644168a3d792d91f4de54",
    "packages": [
        {
            "name": "cruxoft/bolt-core",
            "version": "0.9.1",
            "source": {
                "type": "git",
                "url": "https://github.com/irwtdvoys/bolt-core.git",
                "reference": "e49baa3a8ab8616e80d14316b843296d9ebb2c14"
            },
            "dist": {
                "type": "zip",
                "url": "https://api.github.com/repos/irwtdvoys/bolt-core/zipball/e49baa3a8ab8616e80d14316b843296d9ebb2c14",
                "reference": "e49baa3a8ab8616e80d14316b843296d9ebb2c14",
                "shasum": ""
            },
            "require": {
                "php": "^7"
            },
            "require-dev": {
                "cruxoft/dump": "^0.2.2"
            },
            "type": "library",
            "autoload": {
                "psr-4": {
                    "Bolt\\": "src/"
                }
            },
            "notification-url": "https://packagist.org/downloads/",
            "license": [
                "Apache-2.0"
            ],
            "authors": [
                {
                    "name": "Steve Adams",
                    "role": "Developer"
                }
            ],
            "description": "Core elements for the Bolt Framework",
            "keywords": [
                "bolt",
                "framework"
            ],
            "time": "2020-01-23T11:35:48+00:00"
        },
        {
            "name": "cruxoft/bolt-json",
            "version": "0.3.2",
            "source": {
                "type": "git",
                "url": "https://github.com/irwtdvoys/bolt-json.git",
                "reference": "be887c8162dd031923b471c5281b1c1c9816b4e6"
            },
            "dist": {
                "type": "zip",
                "url": "https://api.github.com/repos/irwtdvoys/bolt-json/zipball/be887c8162dd031923b471c5281b1c1c9816b4e6",
                "reference": "be887c8162dd031923b471c5281b1c1c9816b4e6",
                "shasum": ""
            },
            "require": {
                "cruxoft/bolt-core": "^0.9.0",
                "ext-json": "*",
                "php": "^7"
            },
            "require-dev": {
                "cruxoft/dump": "^0.2.0"
            },
            "type": "library",
            "autoload": {
                "psr-4": {
                    "Bolt\\": "src"
                }
            },
            "notification-url": "https://packagist.org/downloads/",
            "license": [
                "Apache-2.0"
            ],
            "authors": [
                {
                    "name": "Steve Adams",
                    "role": "Developer"
                }
            ],
            "description": "JSON wrapper library built on the Bolt Framework",
            "keywords": [
                "bolt",
                "json"
            ],
            "time": "2020-01-23T11:47:19+00:00"
        },
        {
            "name": "cruxoft/bolt-mvc",
            "version": "0.7.2",
            "source": {
                "type": "git",
                "url": "https://github.com/irwtdvoys/bolt-mvc.git",
                "reference": "8ec669229215e017833e20a63208ab16f8e5a5ad"
            },
            "dist": {
                "type": "zip",
                "url": "https://api.github.com/repos/irwtdvoys/bolt-mvc/zipball/8ec669229215e017833e20a63208ab16f8e5a5ad",
                "reference": "8ec669229215e017833e20a63208ab16f8e5a5ad",
                "shasum": ""
            },
            "require": {
                "cruxoft/bolt-core": "^0.9.0",
                "cruxoft/bolt-json": "^0.3.0",
                "php": "^7.2.0"
            },
            "require-dev": {
                "cruxoft/dump": "^0.2.2"
            },
            "type": "library",
            "autoload": {
                "psr-4": {
                    "Bolt\\": "src/"
                }
            },
            "notification-url": "https://packagist.org/downloads/",
            "license": [
                "Apache-2.0"
            ],
            "authors": [
                {
                    "name": "Steve Adams",
                    "role": "Developer"
                }
            ],
            "description": "MVC module for Bolt",
            "keywords": [
                "bolt",
                "mvc",
                "php"
            ],
            "time": "2020-01-23T11:52:34+00:00"
        },
        {
            "name": "cruxoft/bolt-validation",
            "version": "0.1.0",
            "source": {
                "type": "git",
                "url": "https://github.com/irwtdvoys/bolt-validation.git",
                "reference": "a90a1d6aa181c4d5618f0c07503b09774c609de9"
            },
            "dist": {
                "type": "zip",
                "url": "https://api.github.com/repos/irwtdvoys/bolt-validation/zipball/a90a1d6aa181c4d5618f0c07503b09774c609de9",
                "reference": "a90a1d6aa181c4d5618f0c07503b09774c609de9",
                "shasum": ""
            },
            "require": {
                "cruxoft/bolt-core": "^0.9.0",
                "php": "^7.1"
            },
            "require-dev": {
                "cruxoft/dump": "^0.2.2"
            },
            "type": "library",
            "autoload": {
                "psr-4": {
                    "Bolt\\": "src"
                }
            },
            "notification-url": "https://packagist.org/downloads/",
            "license": [
                "Apache-2.0"
            ],
            "authors": [
                {
                    "name": "Steve Adams",
                    "role": "Developer"
                }
            ],
            "description": "Validation module for Bolt",
            "keywords": [
                "bolt",
                "geojson"
            ],
            "time": "2020-01-23T14:50:53+00:00"
        },
        {
            "name": "ralouphie/getallheaders",
            "version": "2.0.5",
            "source": {
                "type": "git",
                "url": "https://github.com/ralouphie/getallheaders.git",
                "reference": "5601c8a83fbba7ef674a7369456d12f1e0d0eafa"
            },
            "dist": {
                "type": "zip",
                "url": "https://api.github.com/repos/ralouphie/getallheaders/zipball/5601c8a83fbba7ef674a7369456d12f1e0d0eafa",
                "reference": "5601c8a83fbba7ef674a7369456d12f1e0d0eafa",
                "shasum": ""
            },
            "require": {
                "php": ">=5.3"
            },
            "require-dev": {
                "phpunit/phpunit": "~3.7.0",
                "satooshi/php-coveralls": ">=1.0"
            },
            "type": "library",
            "autoload": {
                "files": [
                    "src/getallheaders.php"
                ]
            },
            "notification-url": "https://packagist.org/downloads/",
            "license": [
                "MIT"
            ],
            "authors": [
                {
                    "name": "Ralph Khattar",
                    "email": "ralph.khattar@gmail.com"
                }
            ],
            "description": "A polyfill for getallheaders.",
            "time": "2016-02-11T07:05:27+00:00"
        }
    ],
    "packages-dev": [
        {
            "name": "cruxoft/dump",
            "version": "0.2.2",
            "source": {
                "type": "git",
                "url": "https://github.com/irwtdvoys/dump.git",
                "reference": "0010b53abb5fa90eadffe59a23af3b90649e4a13"
            },
            "dist": {
                "type": "zip",
                "url": "https://api.github.com/repos/irwtdvoys/dump/zipball/0010b53abb5fa90eadffe59a23af3b90649e4a13",
                "reference": "0010b53abb5fa90eadffe59a23af3b90649e4a13",
                "shasum": ""
            },
            "require-dev": {
                "phpunit/phpunit": "^7.0"
            },
            "type": "library",
            "autoload": {
                "psr-4": {
                    "Cruxoft\\": "src/"
                },
                "files": [
                    "src/dump.php"
                ]
            },
            "notification-url": "https://packagist.org/downloads/",
            "license": [
                "Apache-2.0"
            ],
            "authors": [
                {
                    "name": "Steve Adams",
                    "email": "irwtdvoys@gmail.com"
                }
            ],
            "description": "A system for generating structure information about nested variables for use including screen display",
            "time": "2018-03-14T14:14:53+00:00"
        }
    ],
    "aliases": [],
    "minimum-stability": "stable",
    "stability-flags": [],
    "prefer-stable": false,
    "prefer-lowest": false,
    "platform": {
        "ext-json": "*"
    },
    "platform-dev": []
}
