{
    "_readme": [
        "This file locks the dependencies of your project to a known state",
        "Read more about it at https://getcomposer.org/doc/01-basic-usage.md#installing-dependencies",
        "This file is @generated automatically"
    ],
    "content-hash": "a4bed48f4c1a6ff30f97dfb94c2e8302",
    "packages": [
        {
            "name": "cruxoft/bolt-core",
            "version": "0.10.3",
            "source": {
                "type": "git",
                "url": "https://github.com/irwtdvoys/bolt-core.git",
                "reference": "9dc5691f062b5298c728d949fc7361614e04771b"
            },
            "dist": {
                "type": "zip",
                "url": "https://api.github.com/repos/irwtdvoys/bolt-core/zipball/9dc5691f062b5298c728d949fc7361614e04771b",
                "reference": "9dc5691f062b5298c728d949fc7361614e04771b",
                "shasum": ""
            },
            "require": {
                "cruxoft/bolt-support": "^0.3.0",
                "php": "^7"
            },
            "require-dev": {
                "cruxoft/dump": "^0.2.2"
            },
            "type": "library",
            "autoload": {
                "psr-4": {
                    "Bolt\\": "src/"
                }
            },
            "notification-url": "https://packagist.org/downloads/",
            "license": [
                "Apache-2.0"
            ],
            "authors": [
                {
                    "name": "Steve Adams",
                    "role": "Developer"
                }
            ],
            "description": "Core elements for the Bolt Framework",
            "keywords": [
                "bolt",
                "framework"
            ],
            "support": {
                "issues": "https://github.com/irwtdvoys/bolt-core/issues",
                "source": "https://github.com/irwtdvoys/bolt-core/tree/0.10.3"
            },
            "time": "2020-12-05T19:55:50+00:00"
        },
        {
            "name": "cruxoft/bolt-mvc",
            "version": "0.8.0",
            "source": {
                "type": "git",
                "url": "https://github.com/irwtdvoys/bolt-mvc.git",
                "reference": "01fbee54bd85a751c79fbe237109de9d0cd8b8da"
            },
            "dist": {
                "type": "zip",
                "url": "https://api.github.com/repos/irwtdvoys/bolt-mvc/zipball/01fbee54bd85a751c79fbe237109de9d0cd8b8da",
                "reference": "01fbee54bd85a751c79fbe237109de9d0cd8b8da",
                "shasum": ""
            },
            "require": {
                "cruxoft/bolt-core": "^0.10.0",
                "ext-dom": "*",
                "php": "^7.4"
            },
            "require-dev": {
                "cruxoft/dump": "^0.2.2"
            },
            "type": "library",
            "autoload": {
                "psr-4": {
                    "Bolt\\": "src/",
                    "App\\": "app/"
                }
            },
            "notification-url": "https://packagist.org/downloads/",
            "license": [
                "Apache-2.0"
            ],
            "authors": [
                {
                    "name": "Steve Adams",
                    "role": "Developer"
                }
            ],
            "description": "MVC module for Bolt",
            "keywords": [
                "bolt",
                "mvc",
                "php"
            ],
            "support": {
                "issues": "https://github.com/irwtdvoys/bolt-mvc/issues",
                "source": "https://github.com/irwtdvoys/bolt-mvc/tree/0.8.0"
            },
            "time": "2020-12-05T21:50:00+00:00"
        },
        {
            "name": "cruxoft/bolt-support",
            "version": "0.3.0",
            "source": {
                "type": "git",
                "url": "https://github.com/irwtdvoys/bolt-support.git",
                "reference": "7703d52ec6a282b3a6f9f909ef08aa6ea9d94195"
            },
            "dist": {
                "type": "zip",
                "url": "https://api.github.com/repos/irwtdvoys/bolt-support/zipball/7703d52ec6a282b3a6f9f909ef08aa6ea9d94195",
                "reference": "7703d52ec6a282b3a6f9f909ef08aa6ea9d94195",
                "shasum": ""
            },
            "require": {
                "ext-json": "*",
                "php": "^7.4"
            },
            "require-dev": {
                "cruxoft/dump": "^0.2",
                "phpunit/phpunit": "^9.4"
            },
            "type": "library",
            "autoload": {
                "psr-4": {
                    "Bolt\\": "src"
                }
            },
            "notification-url": "https://packagist.org/downloads/",
            "license": [
                "Apache-2.0"
            ],
            "authors": [
                {
                    "name": "Steve Adams",
                    "role": "Developer"
                }
            ],
            "description": "Standalone support library for the Bolt Framework",
            "keywords": [
                "bolt"
            ],
            "support": {
                "issues": "https://github.com/irwtdvoys/bolt-support/issues",
                "source": "https://github.com/irwtdvoys/bolt-support/tree/0.3.0"
            },
            "time": "2020-11-11T22:31:16+00:00"
        },
        {
            "name": "cruxoft/bolt-validation",
            "version": "0.3.0",
            "source": {
                "type": "git",
                "url": "https://github.com/irwtdvoys/bolt-validation.git",
                "reference": "79f4822a15938c700a2cee155eaff6f61d1fb8aa"
            },
            "dist": {
                "type": "zip",
                "url": "https://api.github.com/repos/irwtdvoys/bolt-validation/zipball/79f4822a15938c700a2cee155eaff6f61d1fb8aa",
                "reference": "79f4822a15938c700a2cee155eaff6f61d1fb8aa",
                "shasum": ""
            },
            "require": {
                "cruxoft/bolt-core": "^0.10.0",
                "php": "^7.4"
            },
            "require-dev": {
                "cruxoft/dump": "^0.2.2"
            },
            "type": "library",
            "autoload": {
                "psr-4": {
                    "Bolt\\": "src"
                }
            },
            "notification-url": "https://packagist.org/downloads/",
            "license": [
                "Apache-2.0"
            ],
            "authors": [
                {
                    "name": "Steve Adams",
                    "role": "Developer"
                }
            ],
            "description": "Validation module for Bolt",
            "keywords": [
                "bolt",
                "geojson"
            ],
            "support": {
                "issues": "https://github.com/irwtdvoys/bolt-validation/issues",
                "source": "https://github.com/irwtdvoys/bolt-validation/tree/0.3.0"
            },
            "time": "2020-12-05T22:17:36+00:00"
        },
        {
            "name": "ralouphie/getallheaders",
            "version": "2.0.5",
            "source": {
                "type": "git",
                "url": "https://github.com/ralouphie/getallheaders.git",
                "reference": "5601c8a83fbba7ef674a7369456d12f1e0d0eafa"
            },
            "dist": {
                "type": "zip",
                "url": "https://api.github.com/repos/ralouphie/getallheaders/zipball/5601c8a83fbba7ef674a7369456d12f1e0d0eafa",
                "reference": "5601c8a83fbba7ef674a7369456d12f1e0d0eafa",
                "shasum": ""
            },
            "require": {
                "php": ">=5.3"
            },
            "require-dev": {
                "phpunit/phpunit": "~3.7.0",
                "satooshi/php-coveralls": ">=1.0"
            },
            "type": "library",
            "autoload": {
                "files": [
                    "src/getallheaders.php"
                ]
            },
            "notification-url": "https://packagist.org/downloads/",
            "license": [
                "MIT"
            ],
            "authors": [
                {
                    "name": "Ralph Khattar",
                    "email": "ralph.khattar@gmail.com"
                }
            ],
            "description": "A polyfill for getallheaders.",
            "support": {
                "issues": "https://github.com/ralouphie/getallheaders/issues",
                "source": "https://github.com/ralouphie/getallheaders/tree/2.0.5"
            },
            "time": "2016-02-11T07:05:27+00:00"
        }
    ],
    "packages-dev": [
        {
            "name": "cruxoft/dump",
            "version": "0.2.2",
            "source": {
                "type": "git",
                "url": "https://github.com/irwtdvoys/dump.git",
                "reference": "0010b53abb5fa90eadffe59a23af3b90649e4a13"
            },
            "dist": {
                "type": "zip",
                "url": "https://api.github.com/repos/irwtdvoys/dump/zipball/0010b53abb5fa90eadffe59a23af3b90649e4a13",
                "reference": "0010b53abb5fa90eadffe59a23af3b90649e4a13",
                "shasum": ""
            },
            "require-dev": {
                "phpunit/phpunit": "^7.0"
            },
            "type": "library",
            "autoload": {
                "psr-4": {
                    "Cruxoft\\": "src/"
                },
                "files": [
                    "src/dump.php"
                ]
            },
            "notification-url": "https://packagist.org/downloads/",
            "license": [
                "Apache-2.0"
            ],
            "authors": [
                {
                    "name": "Steve Adams",
                    "email": "irwtdvoys@gmail.com"
                }
            ],
            "description": "A system for generating structure information about nested variables for use including screen display",
            "support": {
                "issues": "https://github.com/irwtdvoys/dump/issues",
                "source": "https://github.com/irwtdvoys/dump/tree/master"
            },
            "time": "2018-03-14T14:14:53+00:00"
        }
    ],
    "aliases": [],
    "minimum-stability": "stable",
    "stability-flags": [],
    "prefer-stable": false,
    "prefer-lowest": false,
    "platform": [],
    "platform-dev": [],
    "plugin-api-version": "2.0.0"
}
